Microsoft Visual Studio Solution File, Format Version 12.00
# Visual Studio Version 17
VisualStudioVersion = 17.5.2.0
MinimumVisualStudioVersion = 10.0.40219.1
Project("{2150E333-8FDC-42A3-9474-1A3956D46DE8}") = "QUAN LY DON TU", "QUAN LY DON TU", "{ACB5D4BD-F48E-675D-B053-2A1CEFED27DB}"
EndProject
Project("{2150E333-8FDC-42A3-9474-1A3956D46DE8}") = "QUAN LY DON TU", "QUAN LY DON TU", "{4645E187-642D-1E00-B043-244086D7E64B}"
EndProject
Project("{FAE04EC0-301F-11D3-BF4B-00C04F79EFBC}") = "DANGCAPNE", "QUAN LY DON TU\QUAN LY DON TU\DANGCAPNE.csproj", "{4C546252-68FD-58B7-93FC-904554E3BFD1}"
EndProject
Global
	GlobalSection(SolutionConfigurationPlatforms) = preSolution
		Debug|Any CPU = Debug|Any CPU
		Release|Any CPU = Release|Any CPU
	EndGlobalSection
	GlobalSection(ProjectConfigurationPlatforms) = postSolution
		{4C546252-68FD-58B7-93FC-904554E3BFD1}.Debug|Any CPU.ActiveCfg = Debug|Any CPU
		{4C546252-68FD-58B7-93FC-904554E3BFD1}.Debug|Any CPU.Build.0 = Debug|Any CPU
		{4C546252-68FD-58B7-93FC-904554E3BFD1}.Release|Any CPU.ActiveCfg = Release|Any CPU
		{4C546252-68FD-58B7-93FC-904554E3BFD1}.Release|Any CPU.Build.0 = Release|Any CPU
	EndGlobalSection
	GlobalSection(SolutionProperties) = preSolution
		HideSolutionNode = FALSE
	EndGlobalSection
	GlobalSection(NestedProjects) = preSolution
		{4645E187-642D-1E00-B043-244086D7E64B} = {ACB5D4BD-F48E-675D-B053-2A1CEFED27DB}
		{4C546252-68FD-58B7-93FC-904554E3BFD1} = {4645E187-642D-1E00-B043-244086D7E64B}
	EndGlobalSection
	GlobalSection(ExtensibilityGlobals) = postSolution
		SolutionGuid = {FA97BAEC-6284-45D7-A2FE-D3F9CA35C504}
	EndGlobalSection
EndGlobal
